
Microsoft Visual Studio Solution File, Format Version 12.00
# Visual Studio 15
VisualStudioVersion = 15.0.28010.2048
MinimumVisualStudioVersion = 10.0.40219.1
Project("{FAE04EC0-301F-11D3-BF4B-00C04F79EFBC}") = "ChatWeb", "ChatWeb\ChatWeb.csproj", "{1F0BEE08-702D-42AB-A309-D227BBD83E16}"
EndProject
Project("{FAE04EC0-301F-11D3-BF4B-00C04F79EFBC}") = "ChatMobile.Android", "ChatMobile\ChatMobile.Android\ChatMobile.Android.csproj", "{1B8CBE9D-BEFB-49E9-B51B-BB3E55C4C0AA}"
EndProject
Project("{FAE04EC0-301F-11D3-BF4B-00C04F79EFBC}") = "ChatMobile.iOS", "ChatMobile\ChatMobile.iOS\ChatMobile.iOS.csproj", "{E547D57E-FFE3-497A-A8EE-725BB55297F2}"
EndProject
Project("{FAE04EC0-301F-11D3-BF4B-00C04F79EFBC}") = "ChatMobile", "ChatMobile\ChatMobile\ChatMobile.csproj", "{64C351B4-847A-44A0-9622-5168AEFC49C5}"
EndProject
Global
	GlobalSection(SolutionConfigurationPlatforms) = preSolution
		Ad-Hoc|Any CPU = Ad-Hoc|Any CPU
		Ad-Hoc|iPhone = Ad-Hoc|iPhone
		Ad-Hoc|iPhoneSimulator = Ad-Hoc|iPhoneSimulator
		AppStore|Any CPU = AppStore|Any CPU
		AppStore|iPhone = AppStore|iPhone
		AppStore|iPhoneSimulator = AppStore|iPhoneSimulator
		Debug|Any CPU = Debug|Any CPU
		Debug|iPhone = Debug|iPhone
		Debug|iPhoneSimulator = Debug|iPhoneSimulator
		Release|Any CPU = Release|Any CPU
		Release|iPhone = Release|iPhone
		Release|iPhoneSimulator = Release|iPhoneSimulator
	EndGlobalSection
	GlobalSection(ProjectConfigurationPlatforms) = postSolution
		{1F0BEE08-702D-42AB-A309-D227BBD83E16}.Ad-Hoc|Any CPU.ActiveCfg = Release|Any CPU
		{1F0BEE08-702D-42AB-A309-D227BBD83E16}.Ad-Hoc|Any CPU.Build.0 = Release|Any CPU
		{1F0BEE08-702D-42AB-A309-D227BBD83E16}.Ad-Hoc|iPhone.ActiveCfg = Release|Any CPU
		{1F0BEE08-702D-42AB-A309-D227BBD83E16}.Ad-Hoc|iPhone.Build.0 = Release|Any CPU
		{1F0BEE08-702D-42AB-A309-D227BBD83E16}.Ad-Hoc|iPhoneSimulator.ActiveCfg = Release|Any CPU
		{1F0BEE08-702D-42AB-A309-D227BBD83E16}.Ad-Hoc|iPhoneSimulator.Build.0 = Release|Any CPU
		{1F0BEE08-702D-42AB-A309-D227BBD83E16}.AppStore|Any CPU.ActiveCfg = Release|Any CPU
		{1F0BEE08-702D-42AB-A309-D227BBD83E16}.AppStore|Any CPU.Build.0 = Release|Any CPU
		{1F0BEE08-702D-42AB-A309-D227BBD83E16}.AppStore|iPhone.ActiveCfg = Release|Any CPU
		{1F0BEE08-702D-42AB-A309-D227BBD83E16}.AppStore|iPhone.Build.0 = Release|Any CPU
		{1F0BEE08-702D-42AB-A309-D227BBD83E16}.AppStore|iPhoneSimulator.ActiveCfg = Release|Any CPU
		{1F0BEE08-702D-42AB-A309-D227BBD83E16}.AppStore|iPhoneSimulator.Build.0 = Release|Any CPU
		{1F0BEE08-702D-42AB-A309-D227BBD83E16}.Debug|Any CPU.ActiveCfg = Debug|Any CPU
		{1F0BEE08-702D-42AB-A309-D227BBD83E16}.Debug|Any CPU.Build.0 = Debug|Any CPU
		{1F0BEE08-702D-42AB-A309-D227BBD83E16}.Debug|iPhone.ActiveCfg = Debug|Any CPU
		{1F0BEE08-702D-42AB-A309-D227BBD83E16}.Debug|iPhone.Build.0 = Debug|Any CPU
		{1F0BEE08-702D-42AB-A309-D227BBD83E16}.Debug|iPhoneSimulator.ActiveCfg = Debug|Any CPU
		{1F0BEE08-702D-42AB-A309-D227BBD83E16}.Debug|iPhoneSimulator.Build.0 = Debug|Any CPU
		{1F0BEE08-702D-42AB-A309-D227BBD83E16}.Release|Any CPU.ActiveCfg = Release|Any CPU
		{1F0BEE08-702D-42AB-A309-D227BBD83E16}.Release|Any CPU.Build.0 = Release|Any CPU
		{1F0BEE08-702D-42AB-A309-D227BBD83E16}.Release|iPhone.ActiveCfg = Release|Any CPU
		{1F0BEE08-702D-42AB-A309-D227BBD83E16}.Release|iPhone.Build.0 = Release|Any CPU
		{1F0BEE08-702D-42AB-A309-D227BBD83E16}.Release|iPhoneSimulator.ActiveCfg = Release|Any CPU
		{1F0BEE08-702D-42AB-A309-D227BBD83E16}.Release|iPhoneSimulator.Build.0 = Release|Any CPU
		{1B8CBE9D-BEFB-49E9-B51B-BB3E55C4C0AA}.Ad-Hoc|Any CPU.ActiveCfg = Release|Any CPU
		{1B8CBE9D-BEFB-49E9-B51B-BB3E55C4C0AA}.Ad-Hoc|Any CPU.Build.0 = Release|Any CPU
		{1B8CBE9D-BEFB-49E9-B51B-BB3E55C4C0AA}.Ad-Hoc|Any CPU.Deploy.0 = Release|Any CPU
		{1B8CBE9D-BEFB-49E9-B51B-BB3E55C4C0AA}.Ad-Hoc|iPhone.ActiveCfg = Release|Any CPU
		{1B8CBE9D-BEFB-49E9-B51B-BB3E55C4C0AA}.Ad-Hoc|iPhone.Build.0 = Release|Any CPU
		{1B8CBE9D-BEFB-49E9-B51B-BB3E55C4C0AA}.Ad-Hoc|iPhone.Deploy.0 = Release|Any CPU
		{1B8CBE9D-BEFB-49E9-B51B-BB3E55C4C0AA}.Ad-Hoc|iPhoneSimulator.ActiveCfg = Release|Any CPU
		{1B8CBE9D-BEFB-49E9-B51B-BB3E55C4C0AA}.Ad-Hoc|iPhoneSimulator.Build.0 = Release|Any CPU
		{1B8CBE9D-BEFB-49E9-B51B-BB3E55C4C0AA}.Ad-Hoc|iPhoneSimulator.Deploy.0 = Release|Any CPU
		{1B8CBE9D-BEFB-49E9-B51B-BB3E55C4C0AA}.AppStore|Any CPU.ActiveCfg = Release|Any CPU
		{1B8CBE9D-BEFB-49E9-B51B-BB3E55C4C0AA}.AppStore|Any CPU.Build.0 = Release|Any CPU
		{1B8CBE9D-BEFB-49E9-B51B-BB3E55C4C0AA}.AppStore|Any CPU.Deploy.0 = Release|Any CPU
		{1B8CBE9D-BEFB-49E9-B51B-BB3E55C4C0AA}.AppStore|iPhone.ActiveCfg = Release|Any CPU
		{1B8CBE9D-BEFB-49E9-B51B-BB3E55C4C0AA}.AppStore|iPhone.Build.0 = Release|Any CPU
		{1B8CBE9D-BEFB-49E9-B51B-BB3E55C4C0AA}.AppStore|iPhone.Deploy.0 = Release|Any CPU
		{1B8CBE9D-BEFB-49E9-B51B-BB3E55C4C0AA}.AppStore|iPhoneSimulator.ActiveCfg = Release|Any CPU
		{1B8CBE9D-BEFB-49E9-B51B-BB3E55C4C0AA}.AppStore|iPhoneSimulator.Build.0 = Release|Any CPU
		{1B8CBE9D-BEFB-49E9-B51B-BB3E55C4C0AA}.AppStore|iPhoneSimulator.Deploy.0 = Release|Any CPU
		{1B8CBE9D-BEFB-49E9-B51B-BB3E55C4C0AA}.Debug|Any CPU.ActiveCfg = Debug|Any CPU
		{1B8CBE9D-BEFB-49E9-B51B-BB3E55C4C0AA}.Debug|Any CPU.Build.0 = Debug|Any CPU
		{1B8CBE9D-BEFB-49E9-B51B-BB3E55C4C0AA}.Debug|Any CPU.Deploy.0 = Debug|Any CPU
		{1B8CBE9D-BEFB-49E9-B51B-BB3E55C4C0AA}.Debug|iPhone.ActiveCfg = Debug|Any CPU
		{1B8CBE9D-BEFB-49E9-B51B-BB3E55C4C0AA}.Debug|iPhone.Build.0 = Debug|Any CPU
		{1B8CBE9D-BEFB-49E9-B51B-BB3E55C4C0AA}.Debug|iPhone.Deploy.0 = Debug|Any CPU
		{1B8CBE9D-BEFB-49E9-B51B-BB3E55C4C0AA}.Debug|iPhoneSimulator.ActiveCfg = Debug|Any CPU
		{1B8CBE9D-BEFB-49E9-B51B-BB3E55C4C0AA}.Debug|iPhoneSimulator.Build.0 = Debug|Any CPU
		{1B8CBE9D-BEFB-49E9-B51B-BB3E55C4C0AA}.Debug|iPhoneSimulator.Deploy.0 = Debug|Any CPU
		{1B8CBE9D-BEFB-49E9-B51B-BB3E55C4C0AA}.Release|Any CPU.ActiveCfg = Release|Any CPU
		{1B8CBE9D-BEFB-49E9-B51B-BB3E55C4C0AA}.Release|Any CPU.Build.0 = Release|Any CPU
		{1B8CBE9D-BEFB-49E9-B51B-BB3E55C4C0AA}.Release|Any CPU.Deploy.0 = Release|Any CPU
		{1B8CBE9D-BEFB-49E9-B51B-BB3E55C4C0AA}.Release|iPhone.ActiveCfg = Release|Any CPU
		{1B8CBE9D-BEFB-49E9-B51B-BB3E55C4C0AA}.Release|iPhone.Build.0 = Release|Any CPU
		{1B8CBE9D-BEFB-49E9-B51B-BB3E55C4C0AA}.Release|iPhone.Deploy.0 = Release|Any CPU
		{1B8CBE9D-BEFB-49E9-B51B-BB3E55C4C0AA}.Release|iPhoneSimulator.ActiveCfg = Release|Any CPU
		{1B8CBE9D-BEFB-49E9-B51B-BB3E55C4C0AA}.Release|iPhoneSimulator.Build.0 = Release|Any CPU
		{1B8CBE9D-BEFB-49E9-B51B-BB3E55C4C0AA}.Release|iPhoneSimulator.Deploy.0 = Release|Any CPU
		{E547D57E-FFE3-497A-A8EE-725BB55297F2}.Ad-Hoc|Any CPU.ActiveCfg = Ad-Hoc|iPhone
		{E547D57E-FFE3-497A-A8EE-725BB55297F2}.Ad-Hoc|iPhone.ActiveCfg = Ad-Hoc|iPhone
		{E547D57E-FFE3-497A-A8EE-725BB55297F2}.Ad-Hoc|iPhone.Build.0 = Ad-Hoc|iPhone
		{E547D57E-FFE3-497A-A8EE-725BB55297F2}.Ad-Hoc|iPhoneSimulator.ActiveCfg = Ad-Hoc|iPhoneSimulator
		{E547D57E-FFE3-497A-A8EE-725BB55297F2}.Ad-Hoc|iPhoneSimulator.Build.0 = Ad-Hoc|iPhoneSimulator
		{E547D57E-FFE3-497A-A8EE-725BB55297F2}.AppStore|Any CPU.ActiveCfg = AppStore|iPhone
		{E547D57E-FFE3-497A-A8EE-725BB55297F2}.AppStore|iPhone.ActiveCfg = AppStore|iPhone
		{E547D57E-FFE3-497A-A8EE-725BB55297F2}.AppStore|iPhone.Build.0 = AppStore|iPhone
		{E547D57E-FFE3-497A-A8EE-725BB55297F2}.AppStore|iPhoneSimulator.ActiveCfg = AppStore|iPhoneSimulator
		{E547D57E-FFE3-497A-A8EE-725BB55297F2}.AppStore|iPhoneSimulator.Build.0 = AppStore|iPhoneSimulator
		{E547D57E-FFE3-497A-A8EE-725BB55297F2}.Debug|Any CPU.ActiveCfg = Debug|iPhone
		{E547D57E-FFE3-497A-A8EE-725BB55297F2}.Debug|iPhone.ActiveCfg = Debug|iPhone
		{E547D57E-FFE3-497A-A8EE-725BB55297F2}.Debug|iPhone.Build.0 = Debug|iPhone
		{E547D57E-FFE3-497A-A8EE-725BB55297F2}.Debug|iPhoneSimulator.ActiveCfg = Debug|iPhoneSimulator
		{E547D57E-FFE3-497A-A8EE-725BB55297F2}.Debug|iPhoneSimulator.Build.0 = Debug|iPhoneSimulator
		{E547D57E-FFE3-497A-A8EE-725BB55297F2}.Release|Any CPU.ActiveCfg = Release|iPhone
		{E547D57E-FFE3-497A-A8EE-725BB55297F2}.Release|iPhone.ActiveCfg = Release|iPhone
		{E547D57E-FFE3-497A-A8EE-725BB55297F2}.Release|iPhone.Build.0 = Release|iPhone
		{E547D57E-FFE3-497A-A8EE-725BB55297F2}.Release|iPhoneSimulator.ActiveCfg = Release|iPhoneSimulator
		{E547D57E-FFE3-497A-A8EE-725BB55297F2}.Release|iPhoneSimulator.Build.0 = Release|iPhoneSimulator
		{64C351B4-847A-44A0-9622-5168AEFC49C5}.Ad-Hoc|Any CPU.ActiveCfg = Debug|Any CPU
		{64C351B4-847A-44A0-9622-5168AEFC49C5}.Ad-Hoc|Any CPU.Build.0 = Debug|Any CPU
		{64C351B4-847A-44A0-9622-5168AEFC49C5}.Ad-Hoc|iPhone.ActiveCfg = Debug|Any CPU
		{64C351B4-847A-44A0-9622-5168AEFC49C5}.Ad-Hoc|iPhone.Build.0 = Debug|Any CPU
		{64C351B4-847A-44A0-9622-5168AEFC49C5}.Ad-Hoc|iPhoneSimulator.ActiveCfg = Debug|Any CPU
		{64C351B4-847A-44A0-9622-5168AEFC49C5}.Ad-Hoc|iPhoneSimulator.Build.0 = Debug|Any CPU
		{64C351B4-847A-44A0-9622-5168AEFC49C5}.AppStore|Any CPU.ActiveCfg = Debug|Any CPU
		{64C351B4-847A-44A0-9622-5168AEFC49C5}.AppStore|Any CPU.Build.0 = Debug|Any CPU
		{64C351B4-847A-44A0-9622-5168AEFC49C5}.AppStore|iPhone.ActiveCfg = Debug|Any CPU
		{64C351B4-847A-44A0-9622-5168AEFC49C5}.AppStore|iPhone.Build.0 = Debug|Any CPU
		{64C351B4-847A-44A0-9622-5168AEFC49C5}.AppStore|iPhoneSimulator.ActiveCfg = Debug|Any CPU
		{64C351B4-847A-44A0-9622-5168AEFC49C5}.AppStore|iPhoneSimulator.Build.0 = Debug|Any CPU
		{64C351B4-847A-44A0-9622-5168AEFC49C5}.Debug|Any CPU.ActiveCfg = Debug|Any CPU
		{64C351B4-847A-44A0-9622-5168AEFC49C5}.Debug|Any CPU.Build.0 = Debug|Any CPU
		{64C351B4-847A-44A0-9622-5168AEFC49C5}.Debug|iPhone.ActiveCfg = Debug|Any CPU
		{64C351B4-847A-44A0-9622-5168AEFC49C5}.Debug|iPhone.Build.0 = Debug|Any CPU
		{64C351B4-847A-44A0-9622-5168AEFC49C5}.Debug|iPhoneSimulator.ActiveCfg = Debug|Any CPU
		{64C351B4-847A-44A0-9622-5168AEFC49C5}.Debug|iPhoneSimulator.Build.0 = Debug|Any CPU
		{64C351B4-847A-44A0-9622-5168AEFC49C5}.Release|Any CPU.ActiveCfg = Release|Any CPU
		{64C351B4-847A-44A0-9622-5168AEFC49C5}.Release|Any CPU.Build.0 = Release|Any CPU
		{64C351B4-847A-44A0-9622-5168AEFC49C5}.Release|iPhone.ActiveCfg = Release|Any CPU
		{64C351B4-847A-44A0-9622-5168AEFC49C5}.Release|iPhone.Build.0 = Release|Any CPU
		{64C351B4-847A-44A0-9622-5168AEFC49C5}.Release|iPhoneSimulator.ActiveCfg = Release|Any CPU
		{64C351B4-847A-44A0-9622-5168AEFC49C5}.Release|iPhoneSimulator.Build.0 = Release|Any CPU
	EndGlobalSection
	GlobalSection(SolutionProperties) = preSolution
		HideSolutionNode = FALSE
	EndGlobalSection
	GlobalSection(ExtensibilityGlobals) = postSolution
		SolutionGuid = {132EE9F9-E676-4799-8EF9-8CBDF4CE3FA1}
	EndGlobalSection
EndGlobal
